
Microsoft Visual Studio Solution File, Format Version 12.00
# Visual Studio Version 16
VisualStudioVersion = 16.0.33927.289
MinimumVisualStudioVersion = 10.0.40219.1
Project("{2150E333-8FDC-42A3-9474-1A3956D46DE8}") = "Task0", "Task0", "{16D1B131-9D5D-417D-8D96-6FEFFC0E85E6}"
EndProject
Project("{FAE04EC0-301F-11D3-BF4B-00C04F79EFBC}") = "Tyuiu.KomanichRM.Sprint2.Task0.V27", "Tyuiu.KomanichRM.Sprint2.Task0.V27\Tyuiu.KomanichRM.Sprint2.Task0.V27.csproj", "{F4329F4D-BD74-4AD7-8A2C-435BFE806C1E}"
EndProject
Project("{FAE04EC0-301F-11D3-BF4B-00C04F79EFBC}") = "Tyuiu.KomanichRM.Sprint2.Task0.V27.Lib", "Tyuiu.KomanichRM.Sprint2.Task0.V27.Lib\Tyuiu.KomanichRM.Sprint2.Task0.V27.Lib.csproj", "{D995B31A-DB9D-4DD8-938A-E660EEB41182}"
EndProject
Project("{FAE04EC0-301F-11D3-BF4B-00C04F79EFBC}") = "Tyuiu.KomanichRM.Sprint2.Task0.V27.Test", "Tyuiu.KomanichRM.Sprint2.Task0.V27.Test\Tyuiu.KomanichRM.Sprint2.Task0.V27.Test.csproj", "{5B9EF6F4-194B-461A-812F-C4CB4E9BB911}"
EndProject
Project("{2150E333-8FDC-42A3-9474-1A3956D46DE8}") = "Task1", "Task1", "{47BEED96-E392-4A16-B464-4C36E6AB5901}"
EndProject
Project("{FAE04EC0-301F-11D3-BF4B-00C04F79EFBC}") = "Tyuiu.KomanichRM.Sprint2.Task1.V23", "Tyuiu.KomanichRM.Sprint2.Task1.V23\Tyuiu.KomanichRM.Sprint2.Task1.V23.csproj", "{053B525F-7BF1-469F-9089-30065D7DF523}"
EndProject
Project("{FAE04EC0-301F-11D3-BF4B-00C04F79EFBC}") = "Tyuiu.KomanichRM.Sprint2.Task1.V23.Lib", "Tyuiu.KomanichRM.Sprint2.Task1.V23.Lib\Tyuiu.KomanichRM.Sprint2.Task1.V23.Lib.csproj", "{3DB2DF37-8FD4-4357-80C2-E5AAE1ED6E37}"
EndProject
Project("{FAE04EC0-301F-11D3-BF4B-00C04F79EFBC}") = "Tyuiu.KomanichRM.Sprint2.Task1.V23.Test", "Tyuiu.KomanichRM.Sprint2.Task1.V23.Test\Tyuiu.KomanichRM.Sprint2.Task1.V23.Test.csproj", "{BA2151F9-66B1-48F8-B1E9-364E7BB374C0}"
EndProject
Project("{2150E333-8FDC-42A3-9474-1A3956D46DE8}") = "Task2", "Task2", "{C5758794-4A1F-4815-8BBB-F2F8E029EEAC}"
EndProject
Project("{FAE04EC0-301F-11D3-BF4B-00C04F79EFBC}") = "Tyuiu.KomanichRM.Sprint2.Task2.V6.Lib", "Tyuiu.KomanichRM.Sprint2.Task2.V28.Lib\Tyuiu.KomanichRM.Sprint2.Task2.V6.Lib.csproj", "{951D5DE6-9059-4A43-B01A-BBA57432EDE3}"
EndProject
Project("{FAE04EC0-301F-11D3-BF4B-00C04F79EFBC}") = "Tyuiu.KomanichRM.Sprint2.Task2.V6.Test", "Tyuiu.KomanichRM.Sprint2.Task2.V28.Test\Tyuiu.KomanichRM.Sprint2.Task2.V6.Test.csproj", "{F92BF040-527F-416C-9471-73425B69DE5A}"
EndProject
Project("{2150E333-8FDC-42A3-9474-1A3956D46DE8}") = "Task3", "Task3", "{0F3828FB-6F82-45D3-B967-6B2EB1B170D2}"
EndProject
Project("{FAE04EC0-301F-11D3-BF4B-00C04F79EFBC}") = "Tyuiu.KomanichRM.Sprint2.Task3.V18", "Tyuiu.KomanichRM.Sprint2.Task3.V18\Tyuiu.KomanichRM.Sprint2.Task3.V18.csproj", "{C73DCBBF-E2F5-4281-8CCD-B288C6E3EED3}"
EndProject
Project("{FAE04EC0-301F-11D3-BF4B-00C04F79EFBC}") = "Tyuiu.KomanichRM.Sprint2.Task3.V18.Lib", "Tyuiu.KomanichRM.Sprint2.Task3.V18.Lib\Tyuiu.KomanichRM.Sprint2.Task3.V18.Lib.csproj", "{4EAAF281-29E6-47A4-A5D1-9E71BF67571D}"
EndProject
Project("{FAE04EC0-301F-11D3-BF4B-00C04F79EFBC}") = "Tyuiu.KomanichRM.Sprint2.Task3.V18.Test", "Tyuiu.KomanichRM.Sprint2.Task3.V18.Test\Tyuiu.KomanichRM.Sprint2.Task3.V18.Test.csproj", "{1264CF54-F11C-4A0C-9210-AED3F868BA91}"
EndProject
Project("{2150E333-8FDC-42A3-9474-1A3956D46DE8}") = "Task4", "Task4", "{769F60FB-7315-4C2A-AD31-69D4330C5C54}"
EndProject
Project("{FAE04EC0-301F-11D3-BF4B-00C04F79EFBC}") = "Tyuiu.KomanichRM.Sprint2.Task4.V24", "Tyuiu.KomanichRM.Sprint2.Task4.V24\Tyuiu.KomanichRM.Sprint2.Task4.V24.csproj", "{F1DE558E-213B-4B6C-89EC-4B1E58C922D5}"
EndProject
Project("{FAE04EC0-301F-11D3-BF4B-00C04F79EFBC}") = "Tyuiu.KomanichRM.Sprint2.Task4.V24.Lib", "Tyuiu.KomanichRM.Sprint2.Task4.V24.Lib\Tyuiu.KomanichRM.Sprint2.Task4.V24.Lib.csproj", "{1D022565-0CBF-4B49-B7E5-77C3D3BA6E93}"
EndProject
Project("{FAE04EC0-301F-11D3-BF4B-00C04F79EFBC}") = "Tyuiu.KomanichRM.Sprint2.Task4.V24.Test", "Tyuiu.KomanichRM.Sprint2.Task4.V24.Test\Tyuiu.KomanichRM.Sprint2.Task4.V24.Test.csproj", "{82AD5BAA-A08C-4342-9132-913A5CBF23CF}"
EndProject
Project("{FAE04EC0-301F-11D3-BF4B-00C04F79EFBC}") = "Tyuiu.KomanichRM.Sprint2.Task2.V6", "Tyuiu.KomanichRM.Sprint2.Task2.V6\Tyuiu.KomanichRM.Sprint2.Task2.V6.csproj", "{6236165B-EFCA-4D69-86DB-2354779CA529}"
EndProject
Project("{2150E333-8FDC-42A3-9474-1A3956D46DE8}") = "Task5", "Task5", "{0406138D-555E-4FDF-A25E-7748B3C7EF5C}"
EndProject
Project("{FAE04EC0-301F-11D3-BF4B-00C04F79EFBC}") = "Tyuiu.KomanichRM.Sprint2.Task5.V9", "Tyuiu.KomanichRM.Sprint2.Task5.V9\Tyuiu.KomanichRM.Sprint2.Task5.V9.csproj", "{5C22D0D8-7D6B-47D2-973E-E9A9BC2F918B}"
EndProject
Project("{FAE04EC0-301F-11D3-BF4B-00C04F79EFBC}") = "Tyuiu.KomanichRM.Sprint2.Task5.V9.Lib", "Tyuiu.KomanichRM.Sprint2.Task5.V9.Lib\Tyuiu.KomanichRM.Sprint2.Task5.V9.Lib.csproj", "{D590707C-A38C-4587-A800-0DAB3E6C0A7D}"
EndProject
Project("{FAE04EC0-301F-11D3-BF4B-00C04F79EFBC}") = "Tyuiu.KomanichRM.Sprint2.Task5.V9.Test", "Tyuiu.KomanichRM.Sprint2.Task5.V9.Test\Tyuiu.KomanichRM.Sprint2.Task5.V9.Test.csproj", "{BD28549E-259E-444D-B309-473F866CE30C}"
EndProject
Project("{2150E333-8FDC-42A3-9474-1A3956D46DE8}") = "Task6", "Task6", "{B12F493E-5E66-4ADB-BD3C-DAB5FDC977D9}"
EndProject
Project("{FAE04EC0-301F-11D3-BF4B-00C04F79EFBC}") = "Tyuiu.KomanichRM.Sprint2.Task6.V3", "Tyuiu.KomanichRM.Sprint2.Task6.V3\Tyuiu.KomanichRM.Sprint2.Task6.V3.csproj", "{C8B50C1A-292F-4F81-A9B7-2306B8D60D52}"
EndProject
Project("{FAE04EC0-301F-11D3-BF4B-00C04F79EFBC}") = "Tyuiu.KomanichRM.Sprint2.Task6.V3.Lib", "Tyuiu.KomanichRM.Sprint2.Task6.V3.Lib\Tyuiu.KomanichRM.Sprint2.Task6.V3.Lib.csproj", "{FCC65819-8B35-4093-9EE4-34D3106FD61C}"
EndProject
Project("{FAE04EC0-301F-11D3-BF4B-00C04F79EFBC}") = "Tyuiu.KomanichRM.Sprint2.Task6.V3.Test", "Tyuiu.KomanichRM.Sprint2.Task6.V3.Test\Tyuiu.KomanichRM.Sprint2.Task6.V3.Test.csproj", "{7DC01C46-1957-463F-AC01-9BF01EFA6A53}"
EndProject
Project("{2150E333-8FDC-42A3-9474-1A3956D46DE8}") = "Task7", "Task7", "{69540875-9A08-44C2-8726-3309B753A43C}"
EndProject
Project("{FAE04EC0-301F-11D3-BF4B-00C04F79EFBC}") = "Tyuiu.KomanichRM.Sprint2.Task7.V15", "Tyuiu.KomanichRM.Sprint2.Task7.V15\Tyuiu.KomanichRM.Sprint2.Task7.V15.csproj", "{85871EF0-3CB0-47CD-8535-77528701FE77}"
EndProject
Project("{FAE04EC0-301F-11D3-BF4B-00C04F79EFBC}") = "Tyuiu.KomanichRM.Sprint2.Task7.V15.Lib", "Tyuiu.KomanichRM.Sprint2.Task7.V15.Lib\Tyuiu.KomanichRM.Sprint2.Task7.V15.Lib.csproj", "{BEE4A34D-0F13-4573-A0FA-BE772B1D50F7}"
EndProject
Project("{FAE04EC0-301F-11D3-BF4B-00C04F79EFBC}") = "Tyuiu.KomanichRM.Sprint2.Task7.V15.Test", "Tyuiu.KomanichRM.Sprint2.Task7.V15.Test\Tyuiu.KomanichRM.Sprint2.Task7.V15.Test.csproj", "{EA05539A-A56D-4E9A-9235-408FEED148CD}"
EndProject
Global
	GlobalSection(SolutionConfigurationPlatforms) = preSolution
		Debug|Any CPU = Debug|Any CPU
		Release|Any CPU = Release|Any CPU
	EndGlobalSection
	GlobalSection(ProjectConfigurationPlatforms) = postSolution
		{F4329F4D-BD74-4AD7-8A2C-435BFE806C1E}.Debug|Any CPU.ActiveCfg = Debug|Any CPU
		{F4329F4D-BD74-4AD7-8A2C-435BFE806C1E}.Debug|Any CPU.Build.0 = Debug|Any CPU
		{F4329F4D-BD74-4AD7-8A2C-435BFE806C1E}.Release|Any CPU.ActiveCfg = Release|Any CPU
		{F4329F4D-BD74-4AD7-8A2C-435BFE806C1E}.Release|Any CPU.Build.0 = Release|Any CPU
		{D995B31A-DB9D-4DD8-938A-E660EEB41182}.Debug|Any CPU.ActiveCfg = Debug|Any CPU
		{D995B31A-DB9D-4DD8-938A-E660EEB41182}.Debug|Any CPU.Build.0 = Debug|Any CPU
		{D995B31A-DB9D-4DD8-938A-E660EEB41182}.Release|Any CPU.ActiveCfg = Release|Any CPU
		{D995B31A-DB9D-4DD8-938A-E660EEB41182}.Release|Any CPU.Build.0 = Release|Any CPU
		{5B9EF6F4-194B-461A-812F-C4CB4E9BB911}.Debug|Any CPU.ActiveCfg = Debug|Any CPU
		{5B9EF6F4-194B-461A-812F-C4CB4E9BB911}.Debug|Any CPU.Build.0 = Debug|Any CPU
		{5B9EF6F4-194B-461A-812F-C4CB4E9BB911}.Release|Any CPU.ActiveCfg = Release|Any CPU
		{5B9EF6F4-194B-461A-812F-C4CB4E9BB911}.Release|Any CPU.Build.0 = Release|Any CPU
		{053B525F-7BF1-469F-9089-30065D7DF523}.Debug|Any CPU.ActiveCfg = Debug|Any CPU
		{053B525F-7BF1-469F-9089-30065D7DF523}.Debug|Any CPU.Build.0 = Debug|Any CPU
		{053B525F-7BF1-469F-9089-30065D7DF523}.Release|Any CPU.ActiveCfg = Release|Any CPU
		{053B525F-7BF1-469F-9089-30065D7DF523}.Release|Any CPU.Build.0 = Release|Any CPU
		{3DB2DF37-8FD4-4357-80C2-E5AAE1ED6E37}.Debug|Any CPU.ActiveCfg = Debug|Any CPU
		{3DB2DF37-8FD4-4357-80C2-E5AAE1ED6E37}.Debug|Any CPU.Build.0 = Debug|Any CPU
		{3DB2DF37-8FD4-4357-80C2-E5AAE1ED6E37}.Release|Any CPU.ActiveCfg = Release|Any CPU
		{3DB2DF37-8FD4-4357-80C2-E5AAE1ED6E37}.Release|Any CPU.Build.0 = Release|Any CPU
		{BA2151F9-66B1-48F8-B1E9-364E7BB374C0}.Debug|Any CPU.ActiveCfg = Debug|Any CPU
		{BA2151F9-66B1-48F8-B1E9-364E7BB374C0}.Debug|Any CPU.Build.0 = Debug|Any CPU
		{BA2151F9-66B1-48F8-B1E9-364E7BB374C0}.Release|Any CPU.ActiveCfg = Release|Any CPU
		{BA2151F9-66B1-48F8-B1E9-364E7BB374C0}.Release|Any CPU.Build.0 = Release|Any CPU
		{951D5DE6-9059-4A43-B01A-BBA57432EDE3}.Debug|Any CPU.ActiveCfg = Debug|Any CPU
		{951D5DE6-9059-4A43-B01A-BBA57432EDE3}.Debug|Any CPU.Build.0 = Debug|Any CPU
		{951D5DE6-9059-4A43-B01A-BBA57432EDE3}.Release|Any CPU.ActiveCfg = Release|Any CPU
		{951D5DE6-9059-4A43-B01A-BBA57432EDE3}.Release|Any CPU.Build.0 = Release|Any CPU
		{F92BF040-527F-416C-9471-73425B69DE5A}.Debug|Any CPU.ActiveCfg = Debug|Any CPU
		{F92BF040-527F-416C-9471-73425B69DE5A}.Debug|Any CPU.Build.0 = Debug|Any CPU
		{F92BF040-527F-416C-9471-73425B69DE5A}.Release|Any CPU.ActiveCfg = Release|Any CPU
		{F92BF040-527F-416C-9471-73425B69DE5A}.Release|Any CPU.Build.0 = Release|Any CPU
		{C73DCBBF-E2F5-4281-8CCD-B288C6E3EED3}.Debug|Any CPU.ActiveCfg = Debug|Any CPU
		{C73DCBBF-E2F5-4281-8CCD-B288C6E3EED3}.Debug|Any CPU.Build.0 = Debug|Any CPU
		{C73DCBBF-E2F5-4281-8CCD-B288C6E3EED3}.Release|Any CPU.ActiveCfg = Release|Any CPU
		{C73DCBBF-E2F5-4281-8CCD-B288C6E3EED3}.Release|Any CPU.Build.0 = Release|Any CPU
		{4EAAF281-29E6-47A4-A5D1-9E71BF67571D}.Debug|Any CPU.ActiveCfg = Debug|Any CPU
		{4EAAF281-29E6-47A4-A5D1-9E71BF67571D}.Debug|Any CPU.Build.0 = Debug|Any CPU
		{4EAAF281-29E6-47A4-A5D1-9E71BF67571D}.Release|Any CPU.ActiveCfg = Release|Any CPU
		{4EAAF281-29E6-47A4-A5D1-9E71BF67571D}.Release|Any CPU.Build.0 = Release|Any CPU
		{1264CF54-F11C-4A0C-9210-AED3F868BA91}.Debug|Any CPU.ActiveCfg = Debug|Any CPU
		{1264CF54-F11C-4A0C-9210-AED3F868BA91}.Debug|Any CPU.Build.0 = Debug|Any CPU
		{1264CF54-F11C-4A0C-9210-AED3F868BA91}.Release|Any CPU.ActiveCfg = Release|Any CPU
		{1264CF54-F11C-4A0C-9210-AED3F868BA91}.Release|Any CPU.Build.0 = Release|Any CPU
		{F1DE558E-213B-4B6C-89EC-4B1E58C922D5}.Debug|Any CPU.ActiveCfg = Debug|Any CPU
		{F1DE558E-213B-4B6C-89EC-4B1E58C922D5}.Debug|Any CPU.Build.0 = Debug|Any CPU
		{F1DE558E-213B-4B6C-89EC-4B1E58C922D5}.Release|Any CPU.ActiveCfg = Release|Any CPU
		{F1DE558E-213B-4B6C-89EC-4B1E58C922D5}.Release|Any CPU.Build.0 = Release|Any CPU
		{1D022565-0CBF-4B49-B7E5-77C3D3BA6E93}.Debug|Any CPU.ActiveCfg = Debug|Any CPU
		{1D022565-0CBF-4B49-B7E5-77C3D3BA6E93}.Debug|Any CPU.Build.0 = Debug|Any CPU
		{1D022565-0CBF-4B49-B7E5-77C3D3BA6E93}.Release|Any CPU.ActiveCfg = Release|Any CPU
		{1D022565-0CBF-4B49-B7E5-77C3D3BA6E93}.Release|Any CPU.Build.0 = Release|Any CPU
		{82AD5BAA-A08C-4342-9132-913A5CBF23CF}.Debug|Any CPU.ActiveCfg = Debug|Any CPU
		{82AD5BAA-A08C-4342-9132-913A5CBF23CF}.Debug|Any CPU.Build.0 = Debug|Any CPU
		{82AD5BAA-A08C-4342-9132-913A5CBF23CF}.Release|Any CPU.ActiveCfg = Release|Any CPU
		{82AD5BAA-A08C-4342-9132-913A5CBF23CF}.Release|Any CPU.Build.0 = Release|Any CPU
		{6236165B-EFCA-4D69-86DB-2354779CA529}.Debug|Any CPU.ActiveCfg = Debug|Any CPU
		{6236165B-EFCA-4D69-86DB-2354779CA529}.Debug|Any CPU.Build.0 = Debug|Any CPU
		{6236165B-EFCA-4D69-86DB-2354779CA529}.Release|Any CPU.ActiveCfg = Release|Any CPU
		{6236165B-EFCA-4D69-86DB-2354779CA529}.Release|Any CPU.Build.0 = Release|Any CPU
		{5C22D0D8-7D6B-47D2-973E-E9A9BC2F918B}.Debug|Any CPU.ActiveCfg = Debug|Any CPU
		{5C22D0D8-7D6B-47D2-973E-E9A9BC2F918B}.Debug|Any CPU.Build.0 = Debug|Any CPU
		{5C22D0D8-7D6B-47D2-973E-E9A9BC2F918B}.Release|Any CPU.ActiveCfg = Release|Any CPU
		{5C22D0D8-7D6B-47D2-973E-E9A9BC2F918B}.Release|Any CPU.Build.0 = Release|Any CPU
		{D590707C-A38C-4587-A800-0DAB3E6C0A7D}.Debug|Any CPU.ActiveCfg = Debug|Any CPU
		{D590707C-A38C-4587-A800-0DAB3E6C0A7D}.Debug|Any CPU.Build.0 = Debug|Any CPU
		{D590707C-A38C-4587-A800-0DAB3E6C0A7D}.Release|Any CPU.ActiveCfg = Release|Any CPU
		{D590707C-A38C-4587-A800-0DAB3E6C0A7D}.Release|Any CPU.Build.0 = Release|Any CPU
		{BD28549E-259E-444D-B309-473F866CE30C}.Debug|Any CPU.ActiveCfg = Debug|Any CPU
		{BD28549E-259E-444D-B309-473F866CE30C}.Debug|Any CPU.Build.0 = Debug|Any CPU
		{BD28549E-259E-444D-B309-473F866CE30C}.Release|Any CPU.ActiveCfg = Release|Any CPU
		{BD28549E-259E-444D-B309-473F866CE30C}.Release|Any CPU.Build.0 = Release|Any CPU
		{C8B50C1A-292F-4F81-A9B7-2306B8D60D52}.Debug|Any CPU.ActiveCfg = Debug|Any CPU
		{C8B50C1A-292F-4F81-A9B7-2306B8D60D52}.Debug|Any CPU.Build.0 = Debug|Any CPU
		{C8B50C1A-292F-4F81-A9B7-2306B8D60D52}.Release|Any CPU.ActiveCfg = Release|Any CPU
		{C8B50C1A-292F-4F81-A9B7-2306B8D60D52}.Release|Any CPU.Build.0 = Release|Any CPU
		{FCC65819-8B35-4093-9EE4-34D3106FD61C}.Debug|Any CPU.ActiveCfg = Debug|Any CPU
		{FCC65819-8B35-4093-9EE4-34D3106FD61C}.Debug|Any CPU.Build.0 = Debug|Any CPU
		{FCC65819-8B35-4093-9EE4-34D3106FD61C}.Release|Any CPU.ActiveCfg = Release|Any CPU
		{FCC65819-8B35-4093-9EE4-34D3106FD61C}.Release|Any CPU.Build.0 = Release|Any CPU
		{7DC01C46-1957-463F-AC01-9BF01EFA6A53}.Debug|Any CPU.ActiveCfg = Debug|Any CPU
		{7DC01C46-1957-463F-AC01-9BF01EFA6A53}.Debug|Any CPU.Build.0 = Debug|Any CPU
		{7DC01C46-1957-463F-AC01-9BF01EFA6A53}.Release|Any CPU.ActiveCfg = Release|Any CPU
		{7DC01C46-1957-463F-AC01-9BF01EFA6A53}.Release|Any CPU.Build.0 = Release|Any CPU
		{85871EF0-3CB0-47CD-8535-77528701FE77}.Debug|Any CPU.ActiveCfg = Debug|Any CPU
		{85871EF0-3CB0-47CD-8535-77528701FE77}.Debug|Any CPU.Build.0 = Debug|Any CPU
		{85871EF0-3CB0-47CD-8535-77528701FE77}.Release|Any CPU.ActiveCfg = Release|Any CPU
		{85871EF0-3CB0-47CD-8535-77528701FE77}.Release|Any CPU.Build.0 = Release|Any CPU
		{BEE4A34D-0F13-4573-A0FA-BE772B1D50F7}.Debug|Any CPU.ActiveCfg = Debug|Any CPU
		{BEE4A34D-0F13-4573-A0FA-BE772B1D50F7}.Debug|Any CPU.Build.0 = Debug|Any CPU
		{BEE4A34D-0F13-4573-A0FA-BE772B1D50F7}.Release|Any CPU.ActiveCfg = Release|Any CPU
		{BEE4A34D-0F13-4573-A0FA-BE772B1D50F7}.Release|Any CPU.Build.0 = Release|Any CPU
		{EA05539A-A56D-4E9A-9235-408FEED148CD}.Debug|Any CPU.ActiveCfg = Debug|Any CPU
		{EA05539A-A56D-4E9A-9235-408FEED148CD}.Debug|Any CPU.Build.0 = Debug|Any CPU
		{EA05539A-A56D-4E9A-9235-408FEED148CD}.Release|Any CPU.ActiveCfg = Release|Any CPU
		{EA05539A-A56D-4E9A-9235-408FEED148CD}.Release|Any CPU.Build.0 = Release|Any CPU
	EndGlobalSection
	GlobalSection(SolutionProperties) = preSolution
		HideSolutionNode = FALSE
	EndGlobalSection
	GlobalSection(NestedProjects) = preSolution
		{F4329F4D-BD74-4AD7-8A2C-435BFE806C1E} = {16D1B131-9D5D-417D-8D96-6FEFFC0E85E6}
		{D995B31A-DB9D-4DD8-938A-E660EEB41182} = {16D1B131-9D5D-417D-8D96-6FEFFC0E85E6}
		{5B9EF6F4-194B-461A-812F-C4CB4E9BB911} = {16D1B131-9D5D-417D-8D96-6FEFFC0E85E6}
		{053B525F-7BF1-469F-9089-30065D7DF523} = {47BEED96-E392-4A16-B464-4C36E6AB5901}
		{3DB2DF37-8FD4-4357-80C2-E5AAE1ED6E37} = {47BEED96-E392-4A16-B464-4C36E6AB5901}
		{BA2151F9-66B1-48F8-B1E9-364E7BB374C0} = {47BEED96-E392-4A16-B464-4C36E6AB5901}
		{951D5DE6-9059-4A43-B01A-BBA57432EDE3} = {C5758794-4A1F-4815-8BBB-F2F8E029EEAC}
		{F92BF040-527F-416C-9471-73425B69DE5A} = {C5758794-4A1F-4815-8BBB-F2F8E029EEAC}
		{C73DCBBF-E2F5-4281-8CCD-B288C6E3EED3} = {0F3828FB-6F82-45D3-B967-6B2EB1B170D2}
		{4EAAF281-29E6-47A4-A5D1-9E71BF67571D} = {0F3828FB-6F82-45D3-B967-6B2EB1B170D2}
		{1264CF54-F11C-4A0C-9210-AED3F868BA91} = {0F3828FB-6F82-45D3-B967-6B2EB1B170D2}
		{F1DE558E-213B-4B6C-89EC-4B1E58C922D5} = {769F60FB-7315-4C2A-AD31-69D4330C5C54}
		{1D022565-0CBF-4B49-B7E5-77C3D3BA6E93} = {769F60FB-7315-4C2A-AD31-69D4330C5C54}
		{82AD5BAA-A08C-4342-9132-913A5CBF23CF} = {769F60FB-7315-4C2A-AD31-69D4330C5C54}
		{6236165B-EFCA-4D69-86DB-2354779CA529} = {C5758794-4A1F-4815-8BBB-F2F8E029EEAC}
		{5C22D0D8-7D6B-47D2-973E-E9A9BC2F918B} = {0406138D-555E-4FDF-A25E-7748B3C7EF5C}
		{D590707C-A38C-4587-A800-0DAB3E6C0A7D} = {0406138D-555E-4FDF-A25E-7748B3C7EF5C}
		{BD28549E-259E-444D-B309-473F866CE30C} = {0406138D-555E-4FDF-A25E-7748B3C7EF5C}
		{C8B50C1A-292F-4F81-A9B7-2306B8D60D52} = {B12F493E-5E66-4ADB-BD3C-DAB5FDC977D9}
		{FCC65819-8B35-4093-9EE4-34D3106FD61C} = {B12F493E-5E66-4ADB-BD3C-DAB5FDC977D9}
		{7DC01C46-1957-463F-AC01-9BF01EFA6A53} = {B12F493E-5E66-4ADB-BD3C-DAB5FDC977D9}
		{85871EF0-3CB0-47CD-8535-77528701FE77} = {69540875-9A08-44C2-8726-3309B753A43C}
		{BEE4A34D-0F13-4573-A0FA-BE772B1D50F7} = {69540875-9A08-44C2-8726-3309B753A43C}
		{EA05539A-A56D-4E9A-9235-408FEED148CD} = {69540875-9A08-44C2-8726-3309B753A43C}
	EndGlobalSection
	GlobalSection(ExtensibilityGlobals) = postSolution
		SolutionGuid = {CEB2D207-3BD9-4AD2-A395-4E70EFD3C7EE}
	EndGlobalSection
EndGlobal
