
Microsoft Visual Studio Solution File, Format Version 12.00
# Visual Studio Version 16
VisualStudioVersion = 16.0.33927.289
MinimumVisualStudioVersion = 10.0.40219.1
Project("{2150E333-8FDC-42A3-9474-1A3956D46DE8}") = "Task0", "Task0", "{16D1B131-9D5D-417D-8D96-6FEFFC0E85E6}"
EndProject
Project("{FAE04EC0-301F-11D3-BF4B-00C04F79EFBC}") = "Tyuiu.KomanichRM.Sprint2.Task0.V27", "Tyuiu.KomanichRM.Sprint2.Task0.V27\Tyuiu.KomanichRM.Sprint2.Task0.V27.csproj", "{F4329F4D-BD74-4AD7-8A2C-435BFE806C1E}"
EndProject
Project("{FAE04EC0-301F-11D3-BF4B-00C04F79EFBC}") = "Tyuiu.KomanichRM.Sprint2.Task0.V27.Lib", "Tyuiu.KomanichRM.Sprint2.Task0.V27.Lib\Tyuiu.KomanichRM.Sprint2.Task0.V27.Lib.csproj", "{D995B31A-DB9D-4DD8-938A-E660EEB41182}"
EndProject
Project("{FAE04EC0-301F-11D3-BF4B-00C04F79EFBC}") = "Tyuiu.KomanichRM.Sprint2.Task0.V27.Test", "Tyuiu.KomanichRM.Sprint2.Task0.V27.Test\Tyuiu.KomanichRM.Sprint2.Task0.V27.Test.csproj", "{5B9EF6F4-194B-461A-812F-C4CB4E9BB911}"
EndProject
Project("{2150E333-8FDC-42A3-9474-1A3956D46DE8}") = "Task1", "Task1", "{47BEED96-E392-4A16-B464-4C36E6AB5901}"
EndProject
Project("{FAE04EC0-301F-11D3-BF4B-00C04F79EFBC}") = "Tyuiu.KomanichRM.Sprint2.Task1.V23", "Tyuiu.KomanichRM.Sprint2.Task1.V23\Tyuiu.KomanichRM.Sprint2.Task1.V23.csproj", "{053B525F-7BF1-469F-9089-30065D7DF523}"
EndProject
Project("{FAE04EC0-301F-11D3-BF4B-00C04F79EFBC}") = "Tyuiu.KomanichRM.Sprint2.Task1.V23.Lib", "Tyuiu.KomanichRM.Sprint2.Task1.V23.Lib\Tyuiu.KomanichRM.Sprint2.Task1.V23.Lib.csproj", "{3DB2DF37-8FD4-4357-80C2-E5AAE1ED6E37}"
EndProject
Project("{FAE04EC0-301F-11D3-BF4B-00C04F79EFBC}") = "Tyuiu.KomanichRM.Sprint2.Task1.V23.Test", "Tyuiu.KomanichRM.Sprint2.Task1.V23.Test\Tyuiu.KomanichRM.Sprint2.Task1.V23.Test.csproj", "{BA2151F9-66B1-48F8-B1E9-364E7BB374C0}"
EndProject
Project("{2150E333-8FDC-42A3-9474-1A3956D46DE8}") = "Task2", "Task2", "{C5758794-4A1F-4815-8BBB-F2F8E029EEAC}"
EndProject
Project("{FAE04EC0-301F-11D3-BF4B-00C04F79EFBC}") = "Tyuiu.KomanichRM.Sprint2.Task2.V28", "Tyuiu.KomanichRM.Sprint2.Task2.V28\Tyuiu.KomanichRM.Sprint2.Task2.V28.csproj", "{07E64B6F-6BA6-433F-8F23-1D2CD2957731}"
EndProject
Project("{FAE04EC0-301F-11D3-BF4B-00C04F79EFBC}") = "Tyuiu.KomanichRM.Sprint2.Task2.V28.Lib", "Tyuiu.KomanichRM.Sprint2.Task2.V28.Lib\Tyuiu.KomanichRM.Sprint2.Task2.V28.Lib.csproj", "{951D5DE6-9059-4A43-B01A-BBA57432EDE3}"
EndProject
Project("{FAE04EC0-301F-11D3-BF4B-00C04F79EFBC}") = "Tyuiu.KomanichRM.Sprint2.Task2.V28.Test", "Tyuiu.KomanichRM.Sprint2.Task2.V28.Test\Tyuiu.KomanichRM.Sprint2.Task2.V28.Test.csproj", "{F92BF040-527F-416C-9471-73425B69DE5A}"
EndProject
Project("{2150E333-8FDC-42A3-9474-1A3956D46DE8}") = "Task3", "Task3", "{0F3828FB-6F82-45D3-B967-6B2EB1B170D2}"
EndProject
Project("{FAE04EC0-301F-11D3-BF4B-00C04F79EFBC}") = "Tyuiu.KomanichRM.Sprint2.Task3.V18", "Tyuiu.KomanichRM.Sprint2.Task3.V18\Tyuiu.KomanichRM.Sprint2.Task3.V18.csproj", "{C73DCBBF-E2F5-4281-8CCD-B288C6E3EED3}"
EndProject
Project("{FAE04EC0-301F-11D3-BF4B-00C04F79EFBC}") = "Tyuiu.KomanichRM.Sprint2.Task3.V18.Lib", "Tyuiu.KomanichRM.Sprint2.Task3.V18.Lib\Tyuiu.KomanichRM.Sprint2.Task3.V18.Lib.csproj", "{4EAAF281-29E6-47A4-A5D1-9E71BF67571D}"
EndProject
Project("{FAE04EC0-301F-11D3-BF4B-00C04F79EFBC}") = "Tyuiu.KomanichRM.Sprint2.Task3.V18.Test", "Tyuiu.KomanichRM.Sprint2.Task3.V18.Test\Tyuiu.KomanichRM.Sprint2.Task3.V18.Test.csproj", "{1264CF54-F11C-4A0C-9210-AED3F868BA91}"
EndProject
Global
	GlobalSection(SolutionConfigurationPlatforms) = preSolution
		Debug|Any CPU = Debug|Any CPU
		Release|Any CPU = Release|Any CPU
	EndGlobalSection
	GlobalSection(ProjectConfigurationPlatforms) = postSolution
		{F4329F4D-BD74-4AD7-8A2C-435BFE806C1E}.Debug|Any CPU.ActiveCfg = Debug|Any CPU
		{F4329F4D-BD74-4AD7-8A2C-435BFE806C1E}.Debug|Any CPU.Build.0 = Debug|Any CPU
		{F4329F4D-BD74-4AD7-8A2C-435BFE806C1E}.Release|Any CPU.ActiveCfg = Release|Any CPU
		{F4329F4D-BD74-4AD7-8A2C-435BFE806C1E}.Release|Any CPU.Build.0 = Release|Any CPU
		{D995B31A-DB9D-4DD8-938A-E660EEB41182}.Debug|Any CPU.ActiveCfg = Debug|Any CPU
		{D995B31A-DB9D-4DD8-938A-E660EEB41182}.Debug|Any CPU.Build.0 = Debug|Any CPU
		{D995B31A-DB9D-4DD8-938A-E660EEB41182}.Release|Any CPU.ActiveCfg = Release|Any CPU
		{D995B31A-DB9D-4DD8-938A-E660EEB41182}.Release|Any CPU.Build.0 = Release|Any CPU
		{5B9EF6F4-194B-461A-812F-C4CB4E9BB911}.Debug|Any CPU.ActiveCfg = Debug|Any CPU
		{5B9EF6F4-194B-461A-812F-C4CB4E9BB911}.Debug|Any CPU.Build.0 = Debug|Any CPU
		{5B9EF6F4-194B-461A-812F-C4CB4E9BB911}.Release|Any CPU.ActiveCfg = Release|Any CPU
		{5B9EF6F4-194B-461A-812F-C4CB4E9BB911}.Release|Any CPU.Build.0 = Release|Any CPU
		{053B525F-7BF1-469F-9089-30065D7DF523}.Debug|Any CPU.ActiveCfg = Debug|Any CPU
		{053B525F-7BF1-469F-9089-30065D7DF523}.Debug|Any CPU.Build.0 = Debug|Any CPU
		{053B525F-7BF1-469F-9089-30065D7DF523}.Release|Any CPU.ActiveCfg = Release|Any CPU
		{053B525F-7BF1-469F-9089-30065D7DF523}.Release|Any CPU.Build.0 = Release|Any CPU
		{3DB2DF37-8FD4-4357-80C2-E5AAE1ED6E37}.Debug|Any CPU.ActiveCfg = Debug|Any CPU
		{3DB2DF37-8FD4-4357-80C2-E5AAE1ED6E37}.Debug|Any CPU.Build.0 = Debug|Any CPU
		{3DB2DF37-8FD4-4357-80C2-E5AAE1ED6E37}.Release|Any CPU.ActiveCfg = Release|Any CPU
		{3DB2DF37-8FD4-4357-80C2-E5AAE1ED6E37}.Release|Any CPU.Build.0 = Release|Any CPU
		{BA2151F9-66B1-48F8-B1E9-364E7BB374C0}.Debug|Any CPU.ActiveCfg = Debug|Any CPU
		{BA2151F9-66B1-48F8-B1E9-364E7BB374C0}.Debug|Any CPU.Build.0 = Debug|Any CPU
		{BA2151F9-66B1-48F8-B1E9-364E7BB374C0}.Release|Any CPU.ActiveCfg = Release|Any CPU
		{BA2151F9-66B1-48F8-B1E9-364E7BB374C0}.Release|Any CPU.Build.0 = Release|Any CPU
		{07E64B6F-6BA6-433F-8F23-1D2CD2957731}.Debug|Any CPU.ActiveCfg = Debug|Any CPU
		{07E64B6F-6BA6-433F-8F23-1D2CD2957731}.Debug|Any CPU.Build.0 = Debug|Any CPU
		{07E64B6F-6BA6-433F-8F23-1D2CD2957731}.Release|Any CPU.ActiveCfg = Release|Any CPU
		{07E64B6F-6BA6-433F-8F23-1D2CD2957731}.Release|Any CPU.Build.0 = Release|Any CPU
		{951D5DE6-9059-4A43-B01A-BBA57432EDE3}.Debug|Any CPU.ActiveCfg = Debug|Any CPU
		{951D5DE6-9059-4A43-B01A-BBA57432EDE3}.Debug|Any CPU.Build.0 = Debug|Any CPU
		{951D5DE6-9059-4A43-B01A-BBA57432EDE3}.Release|Any CPU.ActiveCfg = Release|Any CPU
		{951D5DE6-9059-4A43-B01A-BBA57432EDE3}.Release|Any CPU.Build.0 = Release|Any CPU
		{F92BF040-527F-416C-9471-73425B69DE5A}.Debug|Any CPU.ActiveCfg = Debug|Any CPU
		{F92BF040-527F-416C-9471-73425B69DE5A}.Debug|Any CPU.Build.0 = Debug|Any CPU
		{F92BF040-527F-416C-9471-73425B69DE5A}.Release|Any CPU.ActiveCfg = Release|Any CPU
		{F92BF040-527F-416C-9471-73425B69DE5A}.Release|Any CPU.Build.0 = Release|Any CPU
		{C73DCBBF-E2F5-4281-8CCD-B288C6E3EED3}.Debug|Any CPU.ActiveCfg = Debug|Any CPU
		{C73DCBBF-E2F5-4281-8CCD-B288C6E3EED3}.Debug|Any CPU.Build.0 = Debug|Any CPU
		{C73DCBBF-E2F5-4281-8CCD-B288C6E3EED3}.Release|Any CPU.ActiveCfg = Release|Any CPU
		{C73DCBBF-E2F5-4281-8CCD-B288C6E3EED3}.Release|Any CPU.Build.0 = Release|Any CPU
		{4EAAF281-29E6-47A4-A5D1-9E71BF67571D}.Debug|Any CPU.ActiveCfg = Debug|Any CPU
		{4EAAF281-29E6-47A4-A5D1-9E71BF67571D}.Debug|Any CPU.Build.0 = Debug|Any CPU
		{4EAAF281-29E6-47A4-A5D1-9E71BF67571D}.Release|Any CPU.ActiveCfg = Release|Any CPU
		{4EAAF281-29E6-47A4-A5D1-9E71BF67571D}.Release|Any CPU.Build.0 = Release|Any CPU
		{1264CF54-F11C-4A0C-9210-AED3F868BA91}.Debug|Any CPU.ActiveCfg = Debug|Any CPU
		{1264CF54-F11C-4A0C-9210-AED3F868BA91}.Debug|Any CPU.Build.0 = Debug|Any CPU
		{1264CF54-F11C-4A0C-9210-AED3F868BA91}.Release|Any CPU.ActiveCfg = Release|Any CPU
		{1264CF54-F11C-4A0C-9210-AED3F868BA91}.Release|Any CPU.Build.0 = Release|Any CPU
	EndGlobalSection
	GlobalSection(SolutionProperties) = preSolution
		HideSolutionNode = FALSE
	EndGlobalSection
	GlobalSection(NestedProjects) = preSolution
		{F4329F4D-BD74-4AD7-8A2C-435BFE806C1E} = {16D1B131-9D5D-417D-8D96-6FEFFC0E85E6}
		{D995B31A-DB9D-4DD8-938A-E660EEB41182} = {16D1B131-9D5D-417D-8D96-6FEFFC0E85E6}
		{5B9EF6F4-194B-461A-812F-C4CB4E9BB911} = {16D1B131-9D5D-417D-8D96-6FEFFC0E85E6}
		{053B525F-7BF1-469F-9089-30065D7DF523} = {47BEED96-E392-4A16-B464-4C36E6AB5901}
		{3DB2DF37-8FD4-4357-80C2-E5AAE1ED6E37} = {47BEED96-E392-4A16-B464-4C36E6AB5901}
		{BA2151F9-66B1-48F8-B1E9-364E7BB374C0} = {47BEED96-E392-4A16-B464-4C36E6AB5901}
		{07E64B6F-6BA6-433F-8F23-1D2CD2957731} = {C5758794-4A1F-4815-8BBB-F2F8E029EEAC}
		{951D5DE6-9059-4A43-B01A-BBA57432EDE3} = {C5758794-4A1F-4815-8BBB-F2F8E029EEAC}
		{F92BF040-527F-416C-9471-73425B69DE5A} = {C5758794-4A1F-4815-8BBB-F2F8E029EEAC}
		{C73DCBBF-E2F5-4281-8CCD-B288C6E3EED3} = {0F3828FB-6F82-45D3-B967-6B2EB1B170D2}
		{4EAAF281-29E6-47A4-A5D1-9E71BF67571D} = {0F3828FB-6F82-45D3-B967-6B2EB1B170D2}
		{1264CF54-F11C-4A0C-9210-AED3F868BA91} = {0F3828FB-6F82-45D3-B967-6B2EB1B170D2}
	EndGlobalSection
	GlobalSection(ExtensibilityGlobals) = postSolution
		SolutionGuid = {CEB2D207-3BD9-4AD2-A395-4E70EFD3C7EE}
	EndGlobalSection
EndGlobal
